{
  "requires": true,
  "lockfileVersion": 1,
  "dependencies": {
    "dns-packet": {
      "version": "5.0.4",
      "resolved": "https://registry.npmjs.org/dns-packet/-/dns-packet-5.0.4.tgz",
      "integrity": "sha512-tbBxz5nn6Xkw/xrZ9gLzpGMrnkHjEdoUdB4MaAOGkZdxe+Q2m9ojtuoP7dlGcmy7g9ix/H1qIUwUQBzUx7VVHA==",
      "requires": {
        "ip": "^1.1.5"
      }
    },
    "ip": {
      "version": "1.1.5",
      "resolved": "https://registry.npmjs.org/ip/-/ip-1.1.5.tgz",
      "integrity": "sha1-vd7XARQpCCjAoDnnLvJfWq7ENUo="
    },
    "netmask": {
      "version": "1.0.6",
      "resolved": "https://registry.npmjs.org/netmask/-/netmask-1.0.6.tgz",
      "integrity": "sha1-ICl+idhvb2QA8lDZ9Pa0wZRfzTU="
    }
  }
}
